// !$*UTF8*$!
{
	archiveVersion = 1;
	classes = {
	};
	objectVersion = 77;
	objects = {

/* Begin PBXBuildFile section */
		3634318A691A70470DA03031 /* Theme.swift in Sources */ = {isa = PBXBuildFile; fileRef = 897B3BBFE0328C3F503B04D8 /* Theme.swift */; };
		396F9760A068DFEB80A2C00E /* MonthlyBudget.swift in Sources */ = {isa = PBXBuildFile; fileRef = 4F6A642656D3D1A312C9596A /* MonthlyBudget.swift */; };
		4506A0A78E284A09A35840DE /* EnableBankingSyncService.swift in Sources */ = {isa = PBXBuildFile; fileRef = E02215517CBDF9513AE765FA /* EnableBankingSyncService.swift */; };
		4C02E474A170B996A1FD2BB7 /* CSVExportService.swift in Sources */ = {isa = PBXBuildFile; fileRef = ADBF4573AA0302173F8F2576 /* CSVExportService.swift */; };
		4EC4A1B46BE901B3C56A0EE1 /* ContentView.swift in Sources */ = {isa = PBXBuildFile; fileRef = EC507A642E5CC6CCF5665C02 /* ContentView.swift */; };
		5647C9D283F7B16575566103 /* AnalysisView.swift in Sources */ = {isa = PBXBuildFile; fileRef = 1A40F0CB66EED7C53E5506A5 /* AnalysisView.swift */; };
		578914EF20EB468D38DBF8B8 /* SplashScreenView.swift in Sources */ = {isa = PBXBuildFile; fileRef = CB2A72547823A595089A3E82 /* SplashScreenView.swift */; };
		6249D97420F70AE4EDC5E1E5 /* AutoCategorizationService.swift in Sources */ = {isa = PBXBuildFile; fileRef = 58C8315FB9079D9A068241BF /* AutoCategorizationService.swift */; };
		6C7F962BD1DE33FD7D0C085E /* RecurringTransactionsSheet.swift in Sources */ = {isa = PBXBuildFile; fileRef = C3C4F86A099BDA3ED321DBE6 /* RecurringTransactionsSheet.swift */; };
		7172D84C08C6A79B43CD11DB /* Enums.swift in Sources */ = {isa = PBXBuildFile; fileRef = 7E9B16949E9CD1DF79488C78 /* Enums.swift */; };
		773940CDB9BB57DB0757345A /* Assets.xcassets in Resources */ = {isa = PBXBuildFile; fileRef = DD33DC640AAC5728C189A388 /* Assets.xcassets */; };
		8FE5D53BFC6013941F1F9EC0 /* AutoCategoryRule.swift in Sources */ = {isa = PBXBuildFile; fileRef = 64CBF7ECDD813985307C5F27 /* AutoCategoryRule.swift */; };
		9EA7510681813B70CE29D903 /* BudgetView.swift in Sources */ = {isa = PBXBuildFile; fileRef = D5342E5A83B68A7B070BCB39 /* BudgetView.swift */; };
		A20D4B61B0888D1BFC8C3BD9 /* EnableBankingModels.swift in Sources */ = {isa = PBXBuildFile; fileRef = 8A9E25383C359CAFE5270646 /* EnableBankingModels.swift */; };
		A22AA1B3D0062DF59D35CEA6 /* AccountsView.swift in Sources */ = {isa = PBXBuildFile; fileRef = 8492724454AF5B84FBC90C5B /* AccountsView.swift */; };
		A8D87F172A0FB262ED0A046E /* CategoryManagementView.swift in Sources */ = {isa = PBXBuildFile; fileRef = 33350A5017C338B08EEE4F61 /* CategoryManagementView.swift */; };
		ABD07299F8E67836BBF7A4AD /* BudgetApp.swift in Sources */ = {isa = PBXBuildFile; fileRef = 3F14E9FA24F699B7AEA4DF23 /* BudgetApp.swift */; };
		ADEA26CACC5676E96FF744A0 /* SettingsView.swift in Sources */ = {isa = PBXBuildFile; fileRef = 7D605455CB5795CB1CCC42A5 /* SettingsView.swift */; };
		B069747D29E2C2E5E1EB6DC9 /* BankConnectionView.swift in Sources */ = {isa = PBXBuildFile; fileRef = 18D315E58EABEB922C4956AE /* BankConnectionView.swift */; };
		B3DA9EBEEABE74513E7849EF /* BankAccount.swift in Sources */ = {isa = PBXBuildFile; fileRef = 8DFF0812F1FF1C5ECD669773 /* BankAccount.swift */; };
		B7A30F41B8425BC8F2DA1A79 /* RecurringTransactionService.swift in Sources */ = {isa = PBXBuildFile; fileRef = 5CEA6A115033C10618975328 /* RecurringTransactionService.swift */; };
		C81290F446AA83E61B25FDFC /* SidebarView.swift in Sources */ = {isa = PBXBuildFile; fileRef = 040E804A9BC2AA8437D5ABDA /* SidebarView.swift */; };
		CBDDF51FCC4F72D54C97403F /* TransactionsView.swift in Sources */ = {isa = PBXBuildFile; fileRef = B51315678F641CDB967A1D04 /* TransactionsView.swift */; };
		DD7A66D317B718CFCA4CE216 /* DashboardView.swift in Sources */ = {isa = PBXBuildFile; fileRef = 89104B138829AA4AAF939D6A /* DashboardView.swift */; };
		DE96648DE55B6996E2750672 /* Category.swift in Sources */ = {isa = PBXBuildFile; fileRef = 760D1AF22163325B105B0651 /* Category.swift */; };
		E05B0FD7C468FB955465BFEF /* EnableBankingClient.swift in Sources */ = {isa = PBXBuildFile; fileRef = 1363C49044D56D1784DC6BAF /* EnableBankingClient.swift */; };
		E595D12CAAF905236D160677 /* BudgetAllocation.swift in Sources */ = {isa = PBXBuildFile; fileRef = DD245117C823B230E788D7B7 /* BudgetAllocation.swift */; };
		EA3223505B8232AC3E4070D2 /* Wallet.swift in Sources */ = {isa = PBXBuildFile; fileRef = D9B29D8F8B3F51B47E807CA5 /* Wallet.swift */; };
		F071B86FC0FBA1E632D79152 /* Sparkle in Frameworks */ = {isa = PBXBuildFile; productRef = 3854BA6F113FF66416EB335C /* Sparkle */; };
		F1D3AC4EED36925AB66F17D0 /* Revenue.swift in Sources */ = {isa = PBXBuildFile; fileRef = 1B10EC13AA46AA643317A66D /* Revenue.swift */; };
		F4995BF9125F19831F893A7A /* Transaction.swift in Sources */ = {isa = PBXBuildFile; fileRef = 492BB151F6A45003708B9356 /* Transaction.swift */; };
		F957FEC49145C63362A28D74 /* RecurringTransaction.swift in Sources */ = {isa = PBXBuildFile; fileRef = D26F069326309DC6957C4844 /* RecurringTransaction.swift */; };
/* End PBXBuildFile section */

/* Begin PBXFileReference section */
		040E804A9BC2AA8437D5ABDA /* SidebarView.swift */ = {isa = PBXFileReference; lastKnownFileType = sourcecode.swift; path = SidebarView.swift; sourceTree = "<group>"; };
		0CC701E37BD3916F748041B4 /* Info.plist */ = {isa = PBXFileReference; lastKnownFileType = text.plist; path = Info.plist; sourceTree = "<group>"; };
		1363C49044D56D1784DC6BAF /* EnableBankingClient.swift */ = {isa = PBXFileReference; lastKnownFileType = sourcecode.swift; path = EnableBankingClient.swift; sourceTree = "<group>"; };
		18D315E58EABEB922C4956AE /* BankConnectionView.swift */ = {isa = PBXFileReference; lastKnownFileType = sourcecode.swift; path = BankConnectionView.swift; sourceTree = "<group>"; };
		1A40F0CB66EED7C53E5506A5 /* AnalysisView.swift */ = {isa = PBXFileReference; lastKnownFileType = sourcecode.swift; path = AnalysisView.swift; sourceTree = "<group>"; };
		1B10EC13AA46AA643317A66D /* Revenue.swift */ = {isa = PBXFileReference; lastKnownFileType = sourcecode.swift; path = Revenue.swift; sourceTree = "<group>"; };
		2782F11CA96D80ADA87EDA5C /* Budget.entitlements */ = {isa = PBXFileReference; lastKnownFileType = text.plist.entitlements; path = Budget.entitlements; sourceTree = "<group>"; };
		33350A5017C338B08EEE4F61 /* CategoryManagementView.swift */ = {isa = PBXFileReference; lastKnownFileType = sourcecode.swift; path = CategoryManagementView.swift; sourceTree = "<group>"; };
		3F14E9FA24F699B7AEA4DF23 /* BudgetApp.swift */ = {isa = PBXFileReference; lastKnownFileType = sourcecode.swift; path = BudgetApp.swift; sourceTree = "<group>"; };
		492BB151F6A45003708B9356 /* Transaction.swift */ = {isa = PBXFileReference; lastKnownFileType = sourcecode.swift; path = Transaction.swift; sourceTree = "<group>"; };
		4F6A642656D3D1A312C9596A /* MonthlyBudget.swift */ = {isa = PBXFileReference; lastKnownFileType = sourcecode.swift; path = MonthlyBudget.swift; sourceTree = "<group>"; };
		58C8315FB9079D9A068241BF /* AutoCategorizationService.swift */ = {isa = PBXFileReference; lastKnownFileType = sourcecode.swift; path = AutoCategorizationService.swift; sourceTree = "<group>"; };
		5CEA6A115033C10618975328 /* RecurringTransactionService.swift */ = {isa = PBXFileReference; lastKnownFileType = sourcecode.swift; path = RecurringTransactionService.swift; sourceTree = "<group>"; };
		64CBF7ECDD813985307C5F27 /* AutoCategoryRule.swift */ = {isa = PBXFileReference; lastKnownFileType = sourcecode.swift; path = AutoCategoryRule.swift; sourceTree = "<group>"; };
		760D1AF22163325B105B0651 /* Category.swift */ = {isa = PBXFileReference; lastKnownFileType = sourcecode.swift; path = Category.swift; sourceTree = "<group>"; };
		7C1F0D64B81A1509B0BD59F3 /* Budget.app */ = {isa = PBXFileReference; explicitFileType = wrapper.application; includeInIndex = 0; path = Budget.app; sourceTree = BUILT_PRODUCTS_DIR; };
		7D605455CB5795CB1CCC42A5 /* SettingsView.swift */ = {isa = PBXFileReference; lastKnownFileType = sourcecode.swift; path = SettingsView.swift; sourceTree = "<group>"; };
		7E9B16949E9CD1DF79488C78 /* Enums.swift */ = {isa = PBXFileReference; lastKnownFileType = sourcecode.swift; path = Enums.swift; sourceTree = "<group>"; };
		8492724454AF5B84FBC90C5B /* AccountsView.swift */ = {isa = PBXFileReference; lastKnownFileType = sourcecode.swift; path = AccountsView.swift; sourceTree = "<group>"; };
		89104B138829AA4AAF939D6A /* DashboardView.swift */ = {isa = PBXFileReference; lastKnownFileType = sourcecode.swift; path = DashboardView.swift; sourceTree = "<group>"; };
		897B3BBFE0328C3F503B04D8 /* Theme.swift */ = {isa = PBXFileReference; lastKnownFileType = sourcecode.swift; path = Theme.swift; sourceTree = "<group>"; };
		8A9E25383C359CAFE5270646 /* EnableBankingModels.swift */ = {isa = PBXFileReference; lastKnownFileType = sourcecode.swift; path = EnableBankingModels.swift; sourceTree = "<group>"; };
		8DFF0812F1FF1C5ECD669773 /* BankAccount.swift */ = {isa = PBXFileReference; lastKnownFileType = sourcecode.swift; path = BankAccount.swift; sourceTree = "<group>"; };
		ADBF4573AA0302173F8F2576 /* CSVExportService.swift */ = {isa = PBXFileReference; lastKnownFileType = sourcecode.swift; path = CSVExportService.swift; sourceTree = "<group>"; };
		B51315678F641CDB967A1D04 /* TransactionsView.swift */ = {isa = PBXFileReference; lastKnownFileType = sourcecode.swift; path = TransactionsView.swift; sourceTree = "<group>"; };
		C3C4F86A099BDA3ED321DBE6 /* RecurringTransactionsSheet.swift */ = {isa = PBXFileReference; lastKnownFileType = sourcecode.swift; path = RecurringTransactionsSheet.swift; sourceTree = "<group>"; };
		CB2A72547823A595089A3E82 /* SplashScreenView.swift */ = {isa = PBXFileReference; lastKnownFileType = sourcecode.swift; path = SplashScreenView.swift; sourceTree = "<group>"; };
		D26F069326309DC6957C4844 /* RecurringTransaction.swift */ = {isa = PBXFileReference; lastKnownFileType = sourcecode.swift; path = RecurringTransaction.swift; sourceTree = "<group>"; };
		D5342E5A83B68A7B070BCB39 /* BudgetView.swift */ = {isa = PBXFileReference; lastKnownFileType = sourcecode.swift; path = BudgetView.swift; sourceTree = "<group>"; };
		D9B29D8F8B3F51B47E807CA5 /* Wallet.swift */ = {isa = PBXFileReference; lastKnownFileType = sourcecode.swift; path = Wallet.swift; sourceTree = "<group>"; };
		DD245117C823B230E788D7B7 /* BudgetAllocation.swift */ = {isa = PBXFileReference; lastKnownFileType = sourcecode.swift; path = BudgetAllocation.swift; sourceTree = "<group>"; };
		DD33DC640AAC5728C189A388 /* Assets.xcassets */ = {isa = PBXFileReference; lastKnownFileType = folder.assetcatalog; path = Assets.xcassets; sourceTree = "<group>"; };
		E02215517CBDF9513AE765FA /* EnableBankingSyncService.swift */ = {isa = PBXFileReference; lastKnownFileType = sourcecode.swift; path = EnableBankingSyncService.swift; sourceTree = "<group>"; };
		EC507A642E5CC6CCF5665C02 /* ContentView.swift */ = {isa = PBXFileReference; lastKnownFileType = sourcecode.swift; path = ContentView.swift; sourceTree = "<group>"; };
/* End PBXFileReference section */

/* Begin PBXFrameworksBuildPhase section */
		89A65D1836050F2629F9DE4A /* Frameworks */ = {
			isa = PBXFrameworksBuildPhase;
			buildActionMask = 2147483647;
			files = (
				F071B86FC0FBA1E632D79152 /* Sparkle in Frameworks */,
			);
			runOnlyForDeploymentPostprocessing = 0;
		};
/* End PBXFrameworksBuildPhase section */

/* Begin PBXGroup section */
		06784C47C47D781EB483E69A /* Products */ = {
			isa = PBXGroup;
			children = (
				7C1F0D64B81A1509B0BD59F3 /* Budget.app */,
			);
			name = Products;
			sourceTree = "<group>";
		};
		0A91A580422FB8BC1F4ED0E1 /* Models */ = {
			isa = PBXGroup;
			children = (
				64CBF7ECDD813985307C5F27 /* AutoCategoryRule.swift */,
				8DFF0812F1FF1C5ECD669773 /* BankAccount.swift */,
				DD245117C823B230E788D7B7 /* BudgetAllocation.swift */,
				760D1AF22163325B105B0651 /* Category.swift */,
				7E9B16949E9CD1DF79488C78 /* Enums.swift */,
				4F6A642656D3D1A312C9596A /* MonthlyBudget.swift */,
				D26F069326309DC6957C4844 /* RecurringTransaction.swift */,
				1B10EC13AA46AA643317A66D /* Revenue.swift */,
				492BB151F6A45003708B9356 /* Transaction.swift */,
				D9B29D8F8B3F51B47E807CA5 /* Wallet.swift */,
			);
			path = Models;
			sourceTree = "<group>";
		};
		152090D21AE7E7D188DBDB39 /* Views */ = {
			isa = PBXGroup;
			children = (
				CB2A72547823A595089A3E82 /* SplashScreenView.swift */,
				2A2824EDB6A0EF7A47731E6E /* Accounts */,
				AF563120CBB369282861A738 /* Analysis */,
				8BFAB5D8351CAF8A7757EACB /* Budget */,
				AC761AA2F0A9F396269B81F1 /* Components */,
				A0E758B3ED4499B7E98B8933 /* Dashboard */,
				2C5987CDC183563C97259976 /* Settings */,
				27148FA7A6FE732959032F52 /* Sidebar */,
				F0703F7AD2E7E2A78D7155D2 /* Transactions */,
			);
			path = Views;
			sourceTree = "<group>";
		};
		27148FA7A6FE732959032F52 /* Sidebar */ = {
			isa = PBXGroup;
			children = (
				040E804A9BC2AA8437D5ABDA /* SidebarView.swift */,
			);
			path = Sidebar;
			sourceTree = "<group>";
		};
		2772E8A3DAFC5B7318087B99 /* Budget */ = {
			isa = PBXGroup;
			children = (
				DD33DC640AAC5728C189A388 /* Assets.xcassets */,
				2782F11CA96D80ADA87EDA5C /* Budget.entitlements */,
				3F14E9FA24F699B7AEA4DF23 /* BudgetApp.swift */,
				EC507A642E5CC6CCF5665C02 /* ContentView.swift */,
				0CC701E37BD3916F748041B4 /* Info.plist */,
				0A91A580422FB8BC1F4ED0E1 /* Models */,
				3D61BFA69497E5A854A09001 /* Services */,
				B2AEA6F0AA65E34456764172 /* Theme */,
				152090D21AE7E7D188DBDB39 /* Views */,
			);
			path = Budget;
			sourceTree = "<group>";
		};
		2A2824EDB6A0EF7A47731E6E /* Accounts */ = {
			isa = PBXGroup;
			children = (
				8492724454AF5B84FBC90C5B /* AccountsView.swift */,
				18D315E58EABEB922C4956AE /* BankConnectionView.swift */,
			);
			path = Accounts;
			sourceTree = "<group>";
		};
		2C5987CDC183563C97259976 /* Settings */ = {
			isa = PBXGroup;
			children = (
				33350A5017C338B08EEE4F61 /* CategoryManagementView.swift */,
				7D605455CB5795CB1CCC42A5 /* SettingsView.swift */,
			);
			path = Settings;
			sourceTree = "<group>";
		};
		3D61BFA69497E5A854A09001 /* Services */ = {
			isa = PBXGroup;
			children = (
				58C8315FB9079D9A068241BF /* AutoCategorizationService.swift */,
				ADBF4573AA0302173F8F2576 /* CSVExportService.swift */,
				5CEA6A115033C10618975328 /* RecurringTransactionService.swift */,
				B52FA9217703109380A5C896 /* EnableBanking */,
			);
			path = Services;
			sourceTree = "<group>";
		};
		8BFAB5D8351CAF8A7757EACB /* Budget */ = {
			isa = PBXGroup;
			children = (
				D5342E5A83B68A7B070BCB39 /* BudgetView.swift */,
			);
			path = Budget;
			sourceTree = "<group>";
		};
		A0E758B3ED4499B7E98B8933 /* Dashboard */ = {
			isa = PBXGroup;
			children = (
				89104B138829AA4AAF939D6A /* DashboardView.swift */,
			);
			path = Dashboard;
			sourceTree = "<group>";
		};
		AC761AA2F0A9F396269B81F1 /* Components */ = {
			isa = PBXGroup;
			children = (
			);
			path = Components;
			sourceTree = "<group>";
		};
		AF563120CBB369282861A738 /* Analysis */ = {
			isa = PBXGroup;
			children = (
				1A40F0CB66EED7C53E5506A5 /* AnalysisView.swift */,
			);
			path = Analysis;
			sourceTree = "<group>";
		};
		B2AEA6F0AA65E34456764172 /* Theme */ = {
			isa = PBXGroup;
			children = (
				897B3BBFE0328C3F503B04D8 /* Theme.swift */,
			);
			path = Theme;
			sourceTree = "<group>";
		};
		B52FA9217703109380A5C896 /* EnableBanking */ = {
			isa = PBXGroup;
			children = (
				1363C49044D56D1784DC6BAF /* EnableBankingClient.swift */,
				8A9E25383C359CAFE5270646 /* EnableBankingModels.swift */,
				E02215517CBDF9513AE765FA /* EnableBankingSyncService.swift */,
			);
			path = EnableBanking;
			sourceTree = "<group>";
		};
		B75EF091D92B7DA6E0A5F25E = {
			isa = PBXGroup;
			children = (
				2772E8A3DAFC5B7318087B99 /* Budget */,
				06784C47C47D781EB483E69A /* Products */,
			);
			sourceTree = "<group>";
		};
		F0703F7AD2E7E2A78D7155D2 /* Transactions */ = {
			isa = PBXGroup;
			children = (
				C3C4F86A099BDA3ED321DBE6 /* RecurringTransactionsSheet.swift */,
				B51315678F641CDB967A1D04 /* TransactionsView.swift */,
			);
			path = Transactions;
			sourceTree = "<group>";
		};
/* End PBXGroup section */

/* Begin PBXNativeTarget section */
		6B5071E5FFBF237B8490DF46 /* Budget */ = {
			isa = PBXNativeTarget;
			buildConfigurationList = 378AD6AF88D4E4539C9E61B7 /* Build configuration list for PBXNativeTarget "Budget" */;
			buildPhases = (
				EDC772926E7B1568CA0C2332 /* Sources */,
				425FD62E064C2CA1F21779EF /* Resources */,
				89A65D1836050F2629F9DE4A /* Frameworks */,
			);
			buildRules = (
			);
			dependencies = (
			);
			name = Budget;
			packageProductDependencies = (
				3854BA6F113FF66416EB335C /* Sparkle */,
			);
			productName = Budget;
			productReference = 7C1F0D64B81A1509B0BD59F3 /* Budget.app */;
			productType = "com.apple.product-type.application";
		};
/* End PBXNativeTarget section */

/* Begin PBXProject section */
		F211A290D1186B8F60580068 /* Project object */ = {
			isa = PBXProject;
			attributes = {
				BuildIndependentTargetsInParallel = YES;
				LastUpgradeCheck = 1600;
			};
			buildConfigurationList = 082E544B8F7DC93AB324E94C /* Build configuration list for PBXProject "Budget" */;
			compatibilityVersion = "Xcode 14.0";
			developmentRegion = en;
			hasScannedForEncodings = 0;
			knownRegions = (
				Base,
				en,
			);
			mainGroup = B75EF091D92B7DA6E0A5F25E;
			minimizedProjectReferenceProxies = 1;
			packageReferences = (
				77EA7085B347B321787711C5 /* XCRemoteSwiftPackageReference "Sparkle" */,
			);
			preferredProjectObjectVersion = 77;
			projectDirPath = "";
			projectRoot = "";
			targets = (
				6B5071E5FFBF237B8490DF46 /* Budget */,
			);
		};
/* End PBXProject section */

/* Begin PBXResourcesBuildPhase section */
		425FD62E064C2CA1F21779EF /* Resources */ = {
			isa = PBXResourcesBuildPhase;
			buildActionMask = 2147483647;
			files = (
				773940CDB9BB57DB0757345A /* Assets.xcassets in Resources */,
			);
			runOnlyForDeploymentPostprocessing = 0;
		};
/* End PBXResourcesBuildPhase section */

/* Begin PBXSourcesBuildPhase section */
		EDC772926E7B1568CA0C2332 /* Sources */ = {
			isa = PBXSourcesBuildPhase;
			buildActionMask = 2147483647;
			files = (
				A22AA1B3D0062DF59D35CEA6 /* AccountsView.swift in Sources */,
				5647C9D283F7B16575566103 /* AnalysisView.swift in Sources */,
				6249D97420F70AE4EDC5E1E5 /* AutoCategorizationService.swift in Sources */,
				8FE5D53BFC6013941F1F9EC0 /* AutoCategoryRule.swift in Sources */,
				B3DA9EBEEABE74513E7849EF /* BankAccount.swift in Sources */,
				B069747D29E2C2E5E1EB6DC9 /* BankConnectionView.swift in Sources */,
				E595D12CAAF905236D160677 /* BudgetAllocation.swift in Sources */,
				ABD07299F8E67836BBF7A4AD /* BudgetApp.swift in Sources */,
				9EA7510681813B70CE29D903 /* BudgetView.swift in Sources */,
				4C02E474A170B996A1FD2BB7 /* CSVExportService.swift in Sources */,
				DE96648DE55B6996E2750672 /* Category.swift in Sources */,
				A8D87F172A0FB262ED0A046E /* CategoryManagementView.swift in Sources */,
				4EC4A1B46BE901B3C56A0EE1 /* ContentView.swift in Sources */,
				DD7A66D317B718CFCA4CE216 /* DashboardView.swift in Sources */,
				E05B0FD7C468FB955465BFEF /* EnableBankingClient.swift in Sources */,
				A20D4B61B0888D1BFC8C3BD9 /* EnableBankingModels.swift in Sources */,
				4506A0A78E284A09A35840DE /* EnableBankingSyncService.swift in Sources */,
				7172D84C08C6A79B43CD11DB /* Enums.swift in Sources */,
				396F9760A068DFEB80A2C00E /* MonthlyBudget.swift in Sources */,
				F957FEC49145C63362A28D74 /* RecurringTransaction.swift in Sources */,
				B7A30F41B8425BC8F2DA1A79 /* RecurringTransactionService.swift in Sources */,
				6C7F962BD1DE33FD7D0C085E /* RecurringTransactionsSheet.swift in Sources */,
				F1D3AC4EED36925AB66F17D0 /* Revenue.swift in Sources */,
				ADEA26CACC5676E96FF744A0 /* SettingsView.swift in Sources */,
				C81290F446AA83E61B25FDFC /* SidebarView.swift in Sources */,
				578914EF20EB468D38DBF8B8 /* SplashScreenView.swift in Sources */,
				3634318A691A70470DA03031 /* Theme.swift in Sources */,
				F4995BF9125F19831F893A7A /* Transaction.swift in Sources */,
				CBDDF51FCC4F72D54C97403F /* TransactionsView.swift in Sources */,
				EA3223505B8232AC3E4070D2 /* Wallet.swift in Sources */,
			);
			runOnlyForDeploymentPostprocessing = 0;
		};
/* End PBXSourcesBuildPhase section */

/* Begin XCBuildConfiguration section */
		287F6A5363E5C17AD3C781BC /* Release */ = {
			isa = XCBuildConfiguration;
			buildSettings = {
				ALWAYS_SEARCH_USER_PATHS = NO;
				CLANG_ANALYZER_NONNULL = YES;
				CLANG_ANALYZER_NUMBER_OBJECT_CONVERSION = YES_AGGRESSIVE;
				CLANG_CXX_LANGUAGE_STANDARD = "gnu++14";
				CLANG_CXX_LIBRARY = "libc++";
				CLANG_ENABLE_MODULES = YES;
				CLANG_ENABLE_OBJC_ARC = YES;
				CLANG_ENABLE_OBJC_WEAK = YES;
				CLANG_WARN_BLOCK_CAPTURE_AUTORELEASING = YES;
				CLANG_WARN_BOOL_CONVERSION = YES;
				CLANG_WARN_COMMA = YES;
				CLANG_WARN_CONSTANT_CONVERSION = YES;
				CLANG_WARN_DEPRECATED_OBJC_IMPLEMENTATIONS = YES;
				CLANG_WARN_DIRECT_OBJC_ISA_USAGE = YES_ERROR;
				CLANG_WARN_DOCUMENTATION_COMMENTS = YES;
				CLANG_WARN_EMPTY_BODY = YES;
				CLANG_WARN_ENUM_CONVERSION = YES;
				CLANG_WARN_INFINITE_RECURSION = YES;
				CLANG_WARN_INT_CONVERSION = YES;
				CLANG_WARN_NON_LITERAL_NULL_CONVERSION = YES;
				CLANG_WARN_OBJC_IMPLICIT_RETAIN_SELF = YES;
				CLANG_WARN_OBJC_LITERAL_CONVERSION = YES;
				CLANG_WARN_OBJC_ROOT_CLASS = YES_ERROR;
				CLANG_WARN_QUOTED_INCLUDE_IN_FRAMEWORK_HEADER = YES;
				CLANG_WARN_RANGE_LOOP_ANALYSIS = YES;
				CLANG_WARN_STRICT_PROTOTYPES = YES;
				CLANG_WARN_SUSPICIOUS_MOVE = YES;
				CLANG_WARN_UNGUARDED_AVAILABILITY = YES_AGGRESSIVE;
				CLANG_WARN_UNREACHABLE_CODE = YES;
				CLANG_WARN__DUPLICATE_METHOD_MATCH = YES;
				COPY_PHASE_STRIP = NO;
				DEBUG_INFORMATION_FORMAT = "dwarf-with-dsym";
				ENABLE_NS_ASSERTIONS = NO;
				ENABLE_STRICT_OBJC_MSGSEND = YES;
				GCC_C_LANGUAGE_STANDARD = gnu11;
				GCC_NO_COMMON_BLOCKS = YES;
				GCC_WARN_64_TO_32_BIT_CONVERSION = YES;
				GCC_WARN_ABOUT_RETURN_TYPE = YES_ERROR;
				GCC_WARN_UNDECLARED_SELECTOR = YES;
				GCC_WARN_UNINITIALIZED_AUTOS = YES_AGGRESSIVE;
				GCC_WARN_UNUSED_FUNCTION = YES;
				GCC_WARN_UNUSED_VARIABLE = YES;
				MACOSX_DEPLOYMENT_TARGET = 14.0;
				MTL_ENABLE_DEBUG_INFO = NO;
				MTL_FAST_MATH = YES;
				PRODUCT_NAME = "$(TARGET_NAME)";
				SDKROOT = macosx;
				SWIFT_COMPILATION_MODE = wholemodule;
				SWIFT_OPTIMIZATION_LEVEL = "-O";
				SWIFT_VERSION = 5.10;
			};
			name = Release;
		};
		871605B27432B7E0D42E1E2C /* Release */ = {
			isa = XCBuildConfiguration;
			buildSettings = {
				ASSETCATALOG_COMPILER_APPICON_NAME = AppIcon;
				CODE_SIGN_ENTITLEMENTS = Budget/Budget.entitlements;
				COMBINE_HIDPI_IMAGES = YES;
				ENABLE_PREVIEWS = YES;
				GENERATE_INFOPLIST_FILE = NO;
				INFOPLIST_FILE = Budget/Info.plist;
				LD_RUNPATH_SEARCH_PATHS = (
					"$(inherited)",
					"@executable_path/../Frameworks",
				);
				PRODUCT_BUNDLE_IDENTIFIER = com.budget.app;
				PRODUCT_NAME = Budget;
				SDKROOT = macosx;
				SWIFT_EMIT_LOC_STRINGS = YES;
			};
			name = Release;
		};
		8EB5046102E618DD1AD31F53 /* Debug */ = {
			isa = XCBuildConfiguration;
			buildSettings = {
				ALWAYS_SEARCH_USER_PATHS = NO;
				CLANG_ANALYZER_NONNULL = YES;
				CLANG_ANALYZER_NUMBER_OBJECT_CONVERSION = YES_AGGRESSIVE;
				CLANG_CXX_LANGUAGE_STANDARD = "gnu++14";
				CLANG_CXX_LIBRARY = "libc++";
				CLANG_ENABLE_MODULES = YES;
				CLANG_ENABLE_OBJC_ARC = YES;
				CLANG_ENABLE_OBJC_WEAK = YES;
				CLANG_WARN_BLOCK_CAPTURE_AUTORELEASING = YES;
				CLANG_WARN_BOOL_CONVERSION = YES;
				CLANG_WARN_COMMA = YES;
				CLANG_WARN_CONSTANT_CONVERSION = YES;
				CLANG_WARN_DEPRECATED_OBJC_IMPLEMENTATIONS = YES;
				CLANG_WARN_DIRECT_OBJC_ISA_USAGE = YES_ERROR;
				CLANG_WARN_DOCUMENTATION_COMMENTS = YES;
				CLANG_WARN_EMPTY_BODY = YES;
				CLANG_WARN_ENUM_CONVERSION = YES;
				CLANG_WARN_INFINITE_RECURSION = YES;
				CLANG_WARN_INT_CONVERSION = YES;
				CLANG_WARN_NON_LITERAL_NULL_CONVERSION = YES;
				CLANG_WARN_OBJC_IMPLICIT_RETAIN_SELF = YES;
				CLANG_WARN_OBJC_LITERAL_CONVERSION = YES;
				CLANG_WARN_OBJC_ROOT_CLASS = YES_ERROR;
				CLANG_WARN_QUOTED_INCLUDE_IN_FRAMEWORK_HEADER = YES;
				CLANG_WARN_RANGE_LOOP_ANALYSIS = YES;
				CLANG_WARN_STRICT_PROTOTYPES = YES;
				CLANG_WARN_SUSPICIOUS_MOVE = YES;
				CLANG_WARN_UNGUARDED_AVAILABILITY = YES_AGGRESSIVE;
				CLANG_WARN_UNREACHABLE_CODE = YES;
				CLANG_WARN__DUPLICATE_METHOD_MATCH = YES;
				COPY_PHASE_STRIP = NO;
				DEBUG_INFORMATION_FORMAT = dwarf;
				ENABLE_STRICT_OBJC_MSGSEND = YES;
				ENABLE_TESTABILITY = YES;
				GCC_C_LANGUAGE_STANDARD = gnu11;
				GCC_DYNAMIC_NO_PIC = NO;
				GCC_NO_COMMON_BLOCKS = YES;
				GCC_OPTIMIZATION_LEVEL = 0;
				GCC_PREPROCESSOR_DEFINITIONS = (
					"$(inherited)",
					"DEBUG=1",
				);
				GCC_WARN_64_TO_32_BIT_CONVERSION = YES;
				GCC_WARN_ABOUT_RETURN_TYPE = YES_ERROR;
				GCC_WARN_UNDECLARED_SELECTOR = YES;
				GCC_WARN_UNINITIALIZED_AUTOS = YES_AGGRESSIVE;
				GCC_WARN_UNUSED_FUNCTION = YES;
				GCC_WARN_UNUSED_VARIABLE = YES;
				MACOSX_DEPLOYMENT_TARGET = 14.0;
				MTL_ENABLE_DEBUG_INFO = INCLUDE_SOURCE;
				MTL_FAST_MATH = YES;
				ONLY_ACTIVE_ARCH = YES;
				PRODUCT_NAME = "$(TARGET_NAME)";
				SDKROOT = macosx;
				SWIFT_ACTIVE_COMPILATION_CONDITIONS = DEBUG;
				SWIFT_OPTIMIZATION_LEVEL = "-Onone";
				SWIFT_VERSION = 5.10;
			};
			name = Debug;
		};
		8FBA4A7D1309337DF7EE7EBC /* Debug */ = {
			isa = XCBuildConfiguration;
			buildSettings = {
				ASSETCATALOG_COMPILER_APPICON_NAME = AppIcon;
				CODE_SIGN_ENTITLEMENTS = Budget/Budget.entitlements;
				COMBINE_HIDPI_IMAGES = YES;
				ENABLE_PREVIEWS = YES;
				GENERATE_INFOPLIST_FILE = NO;
				INFOPLIST_FILE = Budget/Info.plist;
				LD_RUNPATH_SEARCH_PATHS = (
					"$(inherited)",
					"@executable_path/../Frameworks",
				);
				PRODUCT_BUNDLE_IDENTIFIER = com.budget.app;
				PRODUCT_NAME = Budget;
				SDKROOT = macosx;
				SWIFT_EMIT_LOC_STRINGS = YES;
			};
			name = Debug;
		};
/* End XCBuildConfiguration section */

/* Begin XCConfigurationList section */
		082E544B8F7DC93AB324E94C /* Build configuration list for PBXProject "Budget" */ = {
			isa = XCConfigurationList;
			buildConfigurations = (
				8EB5046102E618DD1AD31F53 /* Debug */,
				287F6A5363E5C17AD3C781BC /* Release */,
			);
			defaultConfigurationIsVisible = 0;
			defaultConfigurationName = Debug;
		};
		378AD6AF88D4E4539C9E61B7 /* Build configuration list for PBXNativeTarget "Budget" */ = {
			isa = XCConfigurationList;
			buildConfigurations = (
				8FBA4A7D1309337DF7EE7EBC /* Debug */,
				871605B27432B7E0D42E1E2C /* Release */,
			);
			defaultConfigurationIsVisible = 0;
			defaultConfigurationName = Debug;
		};
/* End XCConfigurationList section */

/* Begin XCRemoteSwiftPackageReference section */
		77EA7085B347B321787711C5 /* XCRemoteSwiftPackageReference "Sparkle" */ = {
			isa = XCRemoteSwiftPackageReference;
			repositoryURL = "https://github.com/sparkle-project/Sparkle";
			requirement = {
				kind = upToNextMajorVersion;
				minimumVersion = 2.6.0;
			};
		};
/* End XCRemoteSwiftPackageReference section */

/* Begin XCSwiftPackageProductDependency section */
		3854BA6F113FF66416EB335C /* Sparkle */ = {
			isa = XCSwiftPackageProductDependency;
			package = 77EA7085B347B321787711C5 /* XCRemoteSwiftPackageReference "Sparkle" */;
			productName = Sparkle;
		};
/* End XCSwiftPackageProductDependency section */
	};
	rootObject = F211A290D1186B8F60580068 /* Project object */;
}
